{
  "name": "notify",
  "version": "1.0.0",
  "lockfileVersion": 1,
  "requires": true,
  "dependencies": {
    "push.js": {
      "version": "1.0.5",
      "resolved": "https://registry.npmjs.org/push.js/-/push.js-1.0.5.tgz",
      "integrity": "sha512-RPnZ7tc6oTPWf2g4dCIxIRgaJUENjor9CbyDg/o0JlsYqLOM0AjwHOndT9woZkt+7KI1srB9J70d5i6xiPd/HQ=="
    },
    "webstomp-client": {
      "version": "1.2.0",
      "resolved": "https://registry.npmjs.org/webstomp-client/-/webstomp-client-1.2.0.tgz",
      "integrity": "sha512-samQ+9i8WQJIL5BWtrsN+i3wNeZGsVwWmNFyz2n3oyMHwNrK3UpQ7nin04w9gpDjV/ZPLYIIh3cosGuXCDONSQ=="
    }
  }
}
